{
  "name": "basic-gitflow",
  "version": "1.0.0",
  "lockfileVersion": 2,
  "requires": true,
  "packages": {
    "": {
      "name": "basic-gitflow",
      "version": "1.0.0",
      "license": "ISC",
      "devDependencies": {
        "genversion": "^3.1.1"
      }
    },
    "node_modules/commander": {
      "version": "7.2.0",
      "resolved": "https://registry.npmjs.org/commander/-/commander-7.2.0.tgz",
      "integrity": "sha512-QrWXB+ZQSVPmIWIhtEO9H+gwHaMGYiF5ChvoJ+K9ZGHG/sVsa6yiesAD1GC/x46sET00Xlwo1u49RVVVzvcSkw==",
      "dev": true,
      "engines": {
        "node": ">= 10"
      }
    },
    "node_modules/find-package": {
      "version": "1.0.0",
      "resolved": "https://registry.npmjs.org/find-package/-/find-package-1.0.0.tgz",
      "integrity": "sha512-yVn71XCCaNgxz58ERTl8nA/8YYtIQDY9mHSrgFBfiFtdNNfY0h183Vh8BRkKxD8x9TUw3ec290uJKhDVxqGZBw==",
      "dev": true,
      "dependencies": {
        "parents": "^1.0.1"
      }
    },
    "node_modules/genversion": {
      "version": "3.1.1",
      "resolved": "https://registry.npmjs.org/genversion/-/genversion-3.1.1.tgz",
      "integrity": "sha512-/H861PMsihhjgX2qqhTN8egM11V04imhA+3JRFY3jjPua2Sy1NqaqqQPjSP8rdM9jZoKpFhVj9g3Fs9XPCjBYQ==",
      "dev": true,
      "dependencies": {
        "commander": "^7.2.0",
        "find-package": "^1.0.0"
      },
      "bin": {
        "genversion": "bin/genversion.js"
      },
      "engines": {
        "node": ">=10.0.0"
      }
    },
    "node_modules/parents": {
      "version": "1.0.1",
      "resolved": "https://registry.npmjs.org/parents/-/parents-1.0.1.tgz",
      "integrity": "sha512-mXKF3xkoUt5td2DoxpLmtOmZvko9VfFpwRwkKDHSNvgmpLAeBo18YDhcPbBzJq+QLCHMbGOfzia2cX4U+0v9Mg==",
      "dev": true,
      "dependencies": {
        "path-platform": "~0.11.15"
      }
    },
    "node_modules/path-platform": {
      "version": "0.11.15",
      "resolved": "https://registry.npmjs.org/path-platform/-/path-platform-0.11.15.tgz",
      "integrity": "sha512-Y30dB6rab1A/nfEKsZxmr01nUotHX0c/ZiIAsCTatEe1CmS5Pm5He7fZ195bPT7RdquoaL8lLxFCMQi/bS7IJg==",
      "dev": true,
      "engines": {
        "node": ">= 0.8.0"
      }
    }
  },
  "dependencies": {
    "commander": {
      "version": "7.2.0",
      "resolved": "https://registry.npmjs.org/commander/-/commander-7.2.0.tgz",
      "integrity": "sha512-QrWXB+ZQSVPmIWIhtEO9H+gwHaMGYiF5ChvoJ+K9ZGHG/sVsa6yiesAD1GC/x46sET00Xlwo1u49RVVVzvcSkw==",
      "dev": true
    },
    "find-package": {
      "version": "1.0.0",
      "resolved": "https://registry.npmjs.org/find-package/-/find-package-1.0.0.tgz",
      "integrity": "sha512-yVn71XCCaNgxz58ERTl8nA/8YYtIQDY9mHSrgFBfiFtdNNfY0h183Vh8BRkKxD8x9TUw3ec290uJKhDVxqGZBw==",
      "dev": true,
      "requires": {
        "parents": "^1.0.1"
      }
    },
    "genversion": {
      "version": "3.1.1",
      "resolved": "https://registry.npmjs.org/genversion/-/genversion-3.1.1.tgz",
      "integrity": "sha512-/H861PMsihhjgX2qqhTN8egM11V04imhA+3JRFY3jjPua2Sy1NqaqqQPjSP8rdM9jZoKpFhVj9g3Fs9XPCjBYQ==",
      "dev": true,
      "requires": {
        "commander": "^7.2.0",
        "find-package": "^1.0.0"
      }
    },
    "parents": {
      "version": "1.0.1",
      "resolved": "https://registry.npmjs.org/parents/-/parents-1.0.1.tgz",
      "integrity": "sha512-mXKF3xkoUt5td2DoxpLmtOmZvko9VfFpwRwkKDHSNvgmpLAeBo18YDhcPbBzJq+QLCHMbGOfzia2cX4U+0v9Mg==",
      "dev": true,
      "requires": {
        "path-platform": "~0.11.15"
      }
    },
    "path-platform": {
      "version": "0.11.15",
      "resolved": "https://registry.npmjs.org/path-platform/-/path-platform-0.11.15.tgz",
      "integrity": "sha512-Y30dB6rab1A/nfEKsZxmr01nUotHX0c/ZiIAsCTatEe1CmS5Pm5He7fZ195bPT7RdquoaL8lLxFCMQi/bS7IJg==",
      "dev": true
    }
  }
}
